// !$*UTF8*$!
{
	archiveVersion = 1;
	classes = {
	};
	objectVersion = 46;
	objects = {

/* Begin PBXBuildFile section */
		F69908DA1BF00A0E00DC157C /* project.c in Sources */ = {isa = PBXBuildFile; fileRef = F69908D91BF00A0E00DC157C /* project.c */; };
		F69908DB1BF0191800DC157C /* main.c in Sources */ = {isa = PBXBuildFile; fileRef = F69908D21BF009FD00DC157C /* main.c */; };
/* End PBXBuildFile section */

/* Begin PBXCopyFilesBuildPhase section */
		F69908CD1BF009FD00DC157C /* CopyFiles */ = {
			isa = PBXCopyFilesBuildPhase;
			buildActionMask = 2147483647;
			dstPath = /usr/share/man/man1/;
			dstSubfolderSpec = 0;
			files = (
			);
			runOnlyForDeploymentPostprocessing = 1;
		};
/* End PBXCopyFilesBuildPhase section */

/* Begin PBXFileReference section */
		F69908CF1BF009FD00DC157C /* CIS314-Project-Travis */ = {isa = PBXFileReference; explicitFileType = "compiled.mach-o.executable"; includeInIndex = 0; path = "CIS314-Project-Travis"; sourceTree = BUILT_PRODUCTS_DIR; };
		F69908D21BF009FD00DC157C /* main.c */ = {isa = PBXFileReference; lastKnownFileType = sourcecode.c.c; name = main.c; path = "CIS314-Project-Travis/main.c"; sourceTree = "<group>"; };
		F69908D91BF00A0E00DC157C /* project.c */ = {isa = PBXFileReference; fileEncoding = 4; lastKnownFileType = sourcecode.c.c; name = project.c; path = "CIS314-Project-Travis/project.c"; sourceTree = "<group>"; };
/* End PBXFileReference section */

/* Begin PBXFrameworksBuildPhase section */
		F69908CC1BF009FD00DC157C /* Frameworks */ = {
			isa = PBXFrameworksBuildPhase;
			buildActionMask = 2147483647;
			files = (
			);
			runOnlyForDeploymentPostprocessing = 0;
		};
/* End PBXFrameworksBuildPhase section */

/* Begin PBXGroup section */
		F69908C61BF009FD00DC157C = {
			isa = PBXGroup;
			children = (
				F69908D11BF009FD00DC157C /* CIS314-Project */,
				F69908D01BF009FD00DC157C /* Products */,
			);
			sourceTree = "<group>";
		};
		F69908D01BF009FD00DC157C /* Products */ = {
			isa = PBXGroup;
			children = (
				F69908CF1BF009FD00DC157C /* CIS314-Project-Travis */,
			);
			name = Products;
			sourceTree = "<group>";
		};
		F69908D11BF009FD00DC157C /* CIS314-Project */ = {
			isa = PBXGroup;
			children = (
				F69908D21BF009FD00DC157C /* main.c */,
				F69908D91BF00A0E00DC157C /* project.c */,
			);
			path = "CIS314-Project";
			sourceTree = "<group>";
		};
/* End PBXGroup section */

/* Begin PBXNativeTarget section */
		F69908CE1BF009FD00DC157C /* CIS314-Project-Travis */ = {
			isa = PBXNativeTarget;
			buildConfigurationList = F69908D61BF009FD00DC157C /* Build configuration list for PBXNativeTarget "CIS314-Project-Travis" */;
			buildPhases = (
				F69908CB1BF009FD00DC157C /* Sources */,
				F69908CC1BF009FD00DC157C /* Frameworks */,
				F69908CD1BF009FD00DC157C /* CopyFiles */,
			);
			buildRules = (
			);
			dependencies = (
			);
			name = "CIS314-Project-Travis";
			productName = "CIS314-Project";
			productReference = F69908CF1BF009FD00DC157C /* CIS314-Project-Travis */;
			productType = "com.apple.product-type.tool";
		};
/* End PBXNativeTarget section */

/* Begin PBXProject section */
		F69908C71BF009FD00DC157C /* Project object */ = {
			isa = PBXProject;
			attributes = {
				LastUpgradeCheck = 0640;
				ORGANIZATIONNAME = "Travis Barnes";
				TargetAttributes = {
					F69908CE1BF009FD00DC157C = {
						CreatedOnToolsVersion = 6.4;
					};
				};
			};
			buildConfigurationList = F69908CA1BF009FD00DC157C /* Build configuration list for PBXProject "CIS314-Project-Travis" */;
			compatibilityVersion = "Xcode 3.2";
			developmentRegion = English;
			hasScannedForEncodings = 0;
			knownRegions = (
				en,
			);
			mainGroup = F69908C61BF009FD00DC157C;
			productRefGroup = F69908D01BF009FD00DC157C /* Products */;
			projectDirPath = "";
			projectRoot = "";
			targets = (
				F69908CE1BF009FD00DC157C /* CIS314-Project-Travis */,
			);
		};
/* End PBXProject section */

/* Begin PBXSourcesBuildPhase section */
		F69908CB1BF009FD00DC157C /* Sources */ = {
			isa = PBXSourcesBuildPhase;
			buildActionMask = 2147483647;
			files = (
				F69908DB1BF0191800DC157C /* main.c in Sources */,
				F69908DA1BF00A0E00DC157C /* project.c in Sources */,
			);
			runOnlyForDeploymentPostprocessing = 0;
		};
/* End PBXSourcesBuildPhase section */

/* Begin XCBuildConfiguration section */
		F69908D41BF009FD00DC157C /* Debug */ = {
			isa = XCBuildConfiguration;
			buildSettings = {
				ALWAYS_SEARCH_USER_PATHS = NO;
				CLANG_CXX_LANGUAGE_STANDARD = "gnu++0x";
				CLANG_CXX_LIBRARY = "libc++";
				CLANG_ENABLE_MODULES = YES;
				CLANG_ENABLE_OBJC_ARC = YES;
				CLANG_WARN_BOOL_CONVERSION = YES;
				CLANG_WARN_CONSTANT_CONVERSION = YES;
				CLANG_WARN_DIRECT_OBJC_ISA_USAGE = YES_ERROR;
				CLANG_WARN_EMPTY_BODY = YES;
				CLANG_WARN_ENUM_CONVERSION = YES;
				CLANG_WARN_INT_CONVERSION = YES;
				CLANG_WARN_OBJC_ROOT_CLASS = YES_ERROR;
				CLANG_WARN_UNREACHABLE_CODE = YES;
				CLANG_WARN__DUPLICATE_METHOD_MATCH = YES;
				COPY_PHASE_STRIP = NO;
				DEBUG_INFORMATION_FORMAT = dwarf;
				ENABLE_STRICT_OBJC_MSGSEND = YES;
				GCC_C_LANGUAGE_STANDARD = gnu99;
				GCC_DYNAMIC_NO_PIC = NO;
				GCC_NO_COMMON_BLOCKS = YES;
				GCC_OPTIMIZATION_LEVEL = 0;
				GCC_PREPROCESSOR_DEFINITIONS = (
					"DEBUG=1",
					"$(inherited)",
				);
				GCC_SYMBOLS_PRIVATE_EXTERN = NO;
				GCC_WARN_64_TO_32_BIT_CONVERSION = YES;
				GCC_WARN_ABOUT_RETURN_TYPE = YES_ERROR;
				GCC_WARN_UNDECLARED_SELECTOR = YES;
				GCC_WARN_UNINITIALIZED_AUTOS = YES_AGGRESSIVE;
				GCC_WARN_UNUSED_FUNCTION = YES;
				GCC_WARN_UNUSED_VARIABLE = YES;
				MACOSX_DEPLOYMENT_TARGET = 10.10;
				MTL_ENABLE_DEBUG_INFO = YES;
				ONLY_ACTIVE_ARCH = YES;
				SDKROOT = macosx;
			};
			name = Debug;
		};
		F69908D51BF009FD00DC157C /* Release */ = {
			isa = XCBuildConfiguration;
			buildSettings = {
				ALWAYS_SEARCH_USER_PATHS = NO;
				CLANG_CXX_LANGUAGE_STANDARD = "gnu++0x";
				CLANG_CXX_LIBRARY = "libc++";
				CLANG_ENABLE_MODULES = YES;
				CLANG_ENABLE_OBJC_ARC = YES;
				CLANG_WARN_BOOL_CONVERSION = YES;
				CLANG_WARN_CONSTANT_CONVERSION = YES;
				CLANG_WARN_DIRECT_OBJC_ISA_USAGE = YES_ERROR;
				CLANG_WARN_EMPTY_BODY = YES;
				CLANG_WARN_ENUM_CONVERSION = YES;
				CLANG_WARN_INT_CONVERSION = YES;
				CLANG_WARN_OBJC_ROOT_CLASS = YES_ERROR;
				CLANG_WARN_UNREACHABLE_CODE = YES;
				CLANG_WARN__DUPLICATE_METHOD_MATCH = YES;
				COPY_PHASE_STRIP = NO;
				DEBUG_INFORMATION_FORMAT = "dwarf-with-dsym";
				ENABLE_NS_ASSERTIONS = NO;
				ENABLE_STRICT_OBJC_MSGSEND = YES;
				GCC_C_LANGUAGE_STANDARD = gnu99;
				GCC_NO_COMMON_BLOCKS = YES;
				GCC_WARN_64_TO_32_BIT_CONVERSION = YES;
				GCC_WARN_ABOUT_RETURN_TYPE = YES_ERROR;
				GCC_WARN_UNDECLARED_SELECTOR = YES;
				GCC_WARN_UNINITIALIZED_AUTOS = YES_AGGRESSIVE;
				GCC_WARN_UNUSED_FUNCTION = YES;
				GCC_WARN_UNUSED_VARIABLE = YES;
				MACOSX_DEPLOYMENT_TARGET = 10.10;
				MTL_ENABLE_DEBUG_INFO = NO;
				SDKROOT = macosx;
			};
			name = Release;
		};
		F69908D71BF009FD00DC157C /* Debug */ = {
			isa = XCBuildConfiguration;
			buildSettings = {
				PRODUCT_NAME = "CIS314-Project-Travis";
			};
			name = Debug;
		};
		F69908D81BF009FD00DC157C /* Release */ = {
			isa = XCBuildConfiguration;
			buildSettings = {
				PRODUCT_NAME = "CIS314-Project-Travis";
			};
			name = Release;
		};
/* End XCBuildConfiguration section */

/* Begin XCConfigurationList section */
		F69908CA1BF009FD00DC157C /* Build configuration list for PBXProject "CIS314-Project-Travis" */ = {
			isa = XCConfigurationList;
			buildConfigurations = (
				F69908D41BF009FD00DC157C /* Debug */,
				F69908D51BF009FD00DC157C /* Release */,
			);
			defaultConfigurationIsVisible = 0;
			defaultConfigurationName = Release;
		};
		F69908D61BF009FD00DC157C /* Build configuration list for PBXNativeTarget "CIS314-Project-Travis" */ = {
			isa = XCConfigurationList;
			buildConfigurations = (
				F69908D71BF009FD00DC157C /* Debug */,
				F69908D81BF009FD00DC157C /* Release */,
			);
			defaultConfigurationIsVisible = 0;
			defaultConfigurationName = Release;
		};
/* End XCConfigurationList section */
	};
	rootObject = F69908C71BF009FD00DC157C /* Project object */;
}
