// !$*UTF8*$!
{
	archiveVersion = 1;
	classes = {
	};
	objectVersion = 46;
	objects = {

/* Begin PBXBuildFile section */
		271F39801BF3C2C200696EC3 /* main.c in Sources */ = {isa = PBXBuildFile; fileRef = 271F397F1BF3C2C200696EC3 /* main.c */; };
/* End PBXBuildFile section */

/* Begin PBXCopyFilesBuildPhase section */
		271F397A1BF3C2C200696EC3 /* CopyFiles */ = {
			isa = PBXCopyFilesBuildPhase;
			buildActionMask = 2147483647;
			dstPath = /usr/share/man/man1/;
			dstSubfolderSpec = 0;
			files = (
			);
			runOnlyForDeploymentPostprocessing = 1;
		};
/* End PBXCopyFilesBuildPhase section */

/* Begin PBXFileReference section */
		271F397C1BF3C2C200696EC3 /* ProjectWhileLoop */ = {isa = PBXFileReference; explicitFileType = "compiled.mach-o.executable"; includeInIndex = 0; path = ProjectWhileLoop; sourceTree = BUILT_PRODUCTS_DIR; };
		271F397F1BF3C2C200696EC3 /* main.c */ = {isa = PBXFileReference; lastKnownFileType = sourcecode.c.c; path = main.c; sourceTree = "<group>"; };
		27E4856E1BF459CB00EF1B03 /* tests */ = {isa = PBXFileReference; lastKnownFileType = folder; path = tests; sourceTree = "<group>"; };
/* End PBXFileReference section */

/* Begin PBXFrameworksBuildPhase section */
		271F39791BF3C2C200696EC3 /* Frameworks */ = {
			isa = PBXFrameworksBuildPhase;
			buildActionMask = 2147483647;
			files = (
			);
			runOnlyForDeploymentPostprocessing = 0;
		};
/* End PBXFrameworksBuildPhase section */

/* Begin PBXGroup section */
		271F39731BF3C2C100696EC3 = {
			isa = PBXGroup;
			children = (
				271F397E1BF3C2C200696EC3 /* ProjectWhileLoop */,
				271F397D1BF3C2C200696EC3 /* Products */,
			);
			sourceTree = "<group>";
		};
		271F397D1BF3C2C200696EC3 /* Products */ = {
			isa = PBXGroup;
			children = (
				271F397C1BF3C2C200696EC3 /* ProjectWhileLoop */,
			);
			name = Products;
			sourceTree = "<group>";
		};
		271F397E1BF3C2C200696EC3 /* ProjectWhileLoop */ = {
			isa = PBXGroup;
			children = (
				27E4856E1BF459CB00EF1B03 /* tests */,
				271F397F1BF3C2C200696EC3 /* main.c */,
			);
			path = ProjectWhileLoop;
			sourceTree = "<group>";
		};
/* End PBXGroup section */

/* Begin PBXNativeTarget section */
		271F397B1BF3C2C200696EC3 /* ProjectWhileLoop */ = {
			isa = PBXNativeTarget;
			buildConfigurationList = 271F39831BF3C2C200696EC3 /* Build configuration list for PBXNativeTarget "ProjectWhileLoop" */;
			buildPhases = (
				271F39781BF3C2C200696EC3 /* Sources */,
				271F39791BF3C2C200696EC3 /* Frameworks */,
				271F397A1BF3C2C200696EC3 /* CopyFiles */,
			);
			buildRules = (
			);
			dependencies = (
			);
			name = ProjectWhileLoop;
			productName = ProjectWhileLoop;
			productReference = 271F397C1BF3C2C200696EC3 /* ProjectWhileLoop */;
			productType = "com.apple.product-type.tool";
		};
/* End PBXNativeTarget section */

/* Begin PBXProject section */
		271F39741BF3C2C100696EC3 /* Project object */ = {
			isa = PBXProject;
			attributes = {
				LastUpgradeCheck = 0710;
				ORGANIZATIONNAME = MooseMen;
				TargetAttributes = {
					271F397B1BF3C2C200696EC3 = {
						CreatedOnToolsVersion = 7.1;
					};
				};
			};
			buildConfigurationList = 271F39771BF3C2C100696EC3 /* Build configuration list for PBXProject "ProjectWhileLoop" */;
			compatibilityVersion = "Xcode 3.2";
			developmentRegion = English;
			hasScannedForEncodings = 0;
			knownRegions = (
				en,
			);
			mainGroup = 271F39731BF3C2C100696EC3;
			productRefGroup = 271F397D1BF3C2C200696EC3 /* Products */;
			projectDirPath = "";
			projectRoot = "";
			targets = (
				271F397B1BF3C2C200696EC3 /* ProjectWhileLoop */,
			);
		};
/* End PBXProject section */

/* Begin PBXSourcesBuildPhase section */
		271F39781BF3C2C200696EC3 /* Sources */ = {
			isa = PBXSourcesBuildPhase;
			buildActionMask = 2147483647;
			files = (
				271F39801BF3C2C200696EC3 /* main.c in Sources */,
			);
			runOnlyForDeploymentPostprocessing = 0;
		};
/* End PBXSourcesBuildPhase section */

/* Begin XCBuildConfiguration section */
		271F39811BF3C2C200696EC3 /* Debug */ = {
			isa = XCBuildConfiguration;
			buildSettings = {
				ALWAYS_SEARCH_USER_PATHS = NO;
				CLANG_CXX_LANGUAGE_STANDARD = "gnu++0x";
				CLANG_CXX_LIBRARY = "libc++";
				CLANG_ENABLE_MODULES = YES;
				CLANG_ENABLE_OBJC_ARC = YES;
				CLANG_WARN_BOOL_CONVERSION = YES;
				CLANG_WARN_CONSTANT_CONVERSION = YES;
				CLANG_WARN_DIRECT_OBJC_ISA_USAGE = YES_ERROR;
				CLANG_WARN_EMPTY_BODY = YES;
				CLANG_WARN_ENUM_CONVERSION = YES;
				CLANG_WARN_INT_CONVERSION = YES;
				CLANG_WARN_OBJC_ROOT_CLASS = YES_ERROR;
				CLANG_WARN_UNREACHABLE_CODE = YES;
				CLANG_WARN__DUPLICATE_METHOD_MATCH = YES;
				CODE_SIGN_IDENTITY = "-";
				COPY_PHASE_STRIP = NO;
				DEBUG_INFORMATION_FORMAT = dwarf;
				ENABLE_STRICT_OBJC_MSGSEND = YES;
				ENABLE_TESTABILITY = YES;
				GCC_C_LANGUAGE_STANDARD = gnu99;
				GCC_DYNAMIC_NO_PIC = NO;
				GCC_NO_COMMON_BLOCKS = YES;
				GCC_OPTIMIZATION_LEVEL = 0;
				GCC_PREPROCESSOR_DEFINITIONS = (
					"DEBUG=1",
					"$(inherited)",
				);
				GCC_WARN_64_TO_32_BIT_CONVERSION = YES;
				GCC_WARN_ABOUT_RETURN_TYPE = YES_ERROR;
				GCC_WARN_UNDECLARED_SELECTOR = YES;
				GCC_WARN_UNINITIALIZED_AUTOS = YES_AGGRESSIVE;
				GCC_WARN_UNUSED_FUNCTION = YES;
				GCC_WARN_UNUSED_VARIABLE = YES;
				MACOSX_DEPLOYMENT_TARGET = 10.11;
				MTL_ENABLE_DEBUG_INFO = YES;
				ONLY_ACTIVE_ARCH = YES;
				SDKROOT = macosx;
			};
			name = Debug;
		};
		271F39821BF3C2C200696EC3 /* Release */ = {
			isa = XCBuildConfiguration;
			buildSettings = {
				ALWAYS_SEARCH_USER_PATHS = NO;
				CLANG_CXX_LANGUAGE_STANDARD = "gnu++0x";
				CLANG_CXX_LIBRARY = "libc++";
				CLANG_ENABLE_MODULES = YES;
				CLANG_ENABLE_OBJC_ARC = YES;
				CLANG_WARN_BOOL_CONVERSION = YES;
				CLANG_WARN_CONSTANT_CONVERSION = YES;
				CLANG_WARN_DIRECT_OBJC_ISA_USAGE = YES_ERROR;
				CLANG_WARN_EMPTY_BODY = YES;
				CLANG_WARN_ENUM_CONVERSION = YES;
				CLANG_WARN_INT_CONVERSION = YES;
				CLANG_WARN_OBJC_ROOT_CLASS = YES_ERROR;
				CLANG_WARN_UNREACHABLE_CODE = YES;
				CLANG_WARN__DUPLICATE_METHOD_MATCH = YES;
				CODE_SIGN_IDENTITY = "-";
				COPY_PHASE_STRIP = NO;
				DEBUG_INFORMATION_FORMAT = "dwarf-with-dsym";
				ENABLE_NS_ASSERTIONS = NO;
				ENABLE_STRICT_OBJC_MSGSEND = YES;
				GCC_C_LANGUAGE_STANDARD = gnu99;
				GCC_NO_COMMON_BLOCKS = YES;
				GCC_WARN_64_TO_32_BIT_CONVERSION = YES;
				GCC_WARN_ABOUT_RETURN_TYPE = YES_ERROR;
				GCC_WARN_UNDECLARED_SELECTOR = YES;
				GCC_WARN_UNINITIALIZED_AUTOS = YES_AGGRESSIVE;
				GCC_WARN_UNUSED_FUNCTION = YES;
				GCC_WARN_UNUSED_VARIABLE = YES;
				MACOSX_DEPLOYMENT_TARGET = 10.11;
				MTL_ENABLE_DEBUG_INFO = NO;
				SDKROOT = macosx;
			};
			name = Release;
		};
		271F39841BF3C2C200696EC3 /* Debug */ = {
			isa = XCBuildConfiguration;
			buildSettings = {
				MACOSX_DEPLOYMENT_TARGET = 10.9;
				PRODUCT_NAME = "$(TARGET_NAME)";
				SDKROOT = macosx;
			};
			name = Debug;
		};
		271F39851BF3C2C200696EC3 /* Release */ = {
			isa = XCBuildConfiguration;
			buildSettings = {
				MACOSX_DEPLOYMENT_TARGET = 10.9;
				PRODUCT_NAME = "$(TARGET_NAME)";
				SDKROOT = macosx;
			};
			name = Release;
		};
/* End XCBuildConfiguration section */

/* Begin XCConfigurationList section */
		271F39771BF3C2C100696EC3 /* Build configuration list for PBXProject "ProjectWhileLoop" */ = {
			isa = XCConfigurationList;
			buildConfigurations = (
				271F39811BF3C2C200696EC3 /* Debug */,
				271F39821BF3C2C200696EC3 /* Release */,
			);
			defaultConfigurationIsVisible = 0;
			defaultConfigurationName = Release;
		};
		271F39831BF3C2C200696EC3 /* Build configuration list for PBXNativeTarget "ProjectWhileLoop" */ = {
			isa = XCConfigurationList;
			buildConfigurations = (
				271F39841BF3C2C200696EC3 /* Debug */,
				271F39851BF3C2C200696EC3 /* Release */,
			);
			defaultConfigurationIsVisible = 0;
			defaultConfigurationName = Release;
		};
/* End XCConfigurationList section */
	};
	rootObject = 271F39741BF3C2C100696EC3 /* Project object */;
}
